// !$*UTF8*$!
{
	archiveVersion = 1;
	classes = {
	};
	objectVersion = 50;
	objects = {

/* Begin PBXBuildFile section */
		485AF85025800179008BF026 /* StudentHome.swift in Sources */ = {isa = PBXBuildFile; fileRef = 485AF84F25800179008BF026 /* StudentHome.swift */; };
		485AF85125800179008BF026 /* StudentHome.swift in Sources */ = {isa = PBXBuildFile; fileRef = 485AF84F25800179008BF026 /* StudentHome.swift */; };
		48AA4768257BD43600E29BD5 /* StudentsApp.swift in Sources */ = {isa = PBXBuildFile; fileRef = 48AA4755257BD43500E29BD5 /* StudentsApp.swift */; };
		48AA4769257BD43600E29BD5 /* StudentsApp.swift in Sources */ = {isa = PBXBuildFile; fileRef = 48AA4755257BD43500E29BD5 /* StudentsApp.swift */; };
		48AA476A257BD43600E29BD5 /* ContentView.swift in Sources */ = {isa = PBXBuildFile; fileRef = 48AA4756257BD43500E29BD5 /* ContentView.swift */; };
		48AA476B257BD43600E29BD5 /* ContentView.swift in Sources */ = {isa = PBXBuildFile; fileRef = 48AA4756257BD43500E29BD5 /* ContentView.swift */; };
		48AA476C257BD43600E29BD5 /* Assets.xcassets in Resources */ = {isa = PBXBuildFile; fileRef = 48AA4757257BD43600E29BD5 /* Assets.xcassets */; };
		48AA476D257BD43600E29BD5 /* Assets.xcassets in Resources */ = {isa = PBXBuildFile; fileRef = 48AA4757257BD43600E29BD5 /* Assets.xcassets */; };
		48AA477A257BD5C300E29BD5 /* Student.swift in Sources */ = {isa = PBXBuildFile; fileRef = 48AA4779257BD5C300E29BD5 /* Student.swift */; };
		48AA477B257BD5C300E29BD5 /* Student.swift in Sources */ = {isa = PBXBuildFile; fileRef = 48AA4779257BD5C300E29BD5 /* Student.swift */; };
		48BE9112257D2CCC00D09EC4 /* StudentDetail.swift in Sources */ = {isa = PBXBuildFile; fileRef = 48BE9111257D2CCC00D09EC4 /* StudentDetail.swift */; };
		48BE9113257D2CCC00D09EC4 /* StudentDetail.swift in Sources */ = {isa = PBXBuildFile; fileRef = 48BE9111257D2CCC00D09EC4 /* StudentDetail.swift */; };
/* End PBXBuildFile section */

/* Begin PBXFileReference section */
		485AF84F25800179008BF026 /* StudentHome.swift */ = {isa = PBXFileReference; lastKnownFileType = sourcecode.swift; path = StudentHome.swift; sourceTree = "<group>"; };
		48AA4755257BD43500E29BD5 /* StudentsApp.swift */ = {isa = PBXFileReference; lastKnownFileType = sourcecode.swift; path = StudentsApp.swift; sourceTree = "<group>"; };
		48AA4756257BD43500E29BD5 /* ContentView.swift */ = {isa = PBXFileReference; lastKnownFileType = sourcecode.swift; path = ContentView.swift; sourceTree = "<group>"; };
		48AA4757257BD43600E29BD5 /* Assets.xcassets */ = {isa = PBXFileReference; lastKnownFileType = folder.assetcatalog; path = Assets.xcassets; sourceTree = "<group>"; };
		48AA475C257BD43600E29BD5 /* Students.app */ = {isa = PBXFileReference; explicitFileType = wrapper.application; includeInIndex = 0; path = Students.app; sourceTree = BUILT_PRODUCTS_DIR; };
		48AA475F257BD43600E29BD5 /* Info.plist */ = {isa = PBXFileReference; lastKnownFileType = text.plist.xml; path = Info.plist; sourceTree = "<group>"; };
		48AA4764257BD43600E29BD5 /* Students.app */ = {isa = PBXFileReference; explicitFileType = wrapper.application; includeInIndex = 0; path = Students.app; sourceTree = BUILT_PRODUCTS_DIR; };
		48AA4766257BD43600E29BD5 /* Info.plist */ = {isa = PBXFileReference; lastKnownFileType = text.plist.xml; path = Info.plist; sourceTree = "<group>"; };
		48AA4767257BD43600E29BD5 /* macOS.entitlements */ = {isa = PBXFileReference; lastKnownFileType = text.plist.entitlements; path = macOS.entitlements; sourceTree = "<group>"; };
		48AA4779257BD5C300E29BD5 /* Student.swift */ = {isa = PBXFileReference; lastKnownFileType = sourcecode.swift; path = Student.swift; sourceTree = "<group>"; };
		48BE9111257D2CCC00D09EC4 /* StudentDetail.swift */ = {isa = PBXFileReference; lastKnownFileType = sourcecode.swift; path = StudentDetail.swift; sourceTree = "<group>"; };
/* End PBXFileReference section */

/* Begin PBXFrameworksBuildPhase section */
		48AA4759257BD43600E29BD5 /* Frameworks */ = {
			isa = PBXFrameworksBuildPhase;
			buildActionMask = 2147483647;
			files = (
			);
			runOnlyForDeploymentPostprocessing = 0;
		};
		48AA4761257BD43600E29BD5 /* Frameworks */ = {
			isa = PBXFrameworksBuildPhase;
			buildActionMask = 2147483647;
			files = (
			);
			runOnlyForDeploymentPostprocessing = 0;
		};
/* End PBXFrameworksBuildPhase section */

/* Begin PBXGroup section */
		48AA474F257BD43500E29BD5 = {
			isa = PBXGroup;
			children = (
				48AA4754257BD43500E29BD5 /* Shared */,
				48AA475E257BD43600E29BD5 /* iOS */,
				48AA4765257BD43600E29BD5 /* macOS */,
				48AA475D257BD43600E29BD5 /* Products */,
			);
			sourceTree = "<group>";
		};
		48AA4754257BD43500E29BD5 /* Shared */ = {
			isa = PBXGroup;
			children = (
				48BE9110257D2C9D00D09EC4 /* View */,
				48AA4780257BDE4A00E29BD5 /* View Model */,
				48AA4778257BD59800E29BD5 /* Model */,
				48AA4757257BD43600E29BD5 /* Assets.xcassets */,
			);
			path = Shared;
			sourceTree = "<group>";
		};
		48AA475D257BD43600E29BD5 /* Products */ = {
			isa = PBXGroup;
			children = (
				48AA475C257BD43600E29BD5 /* Students.app */,
				48AA4764257BD43600E29BD5 /* Students.app */,
			);
			name = Products;
			sourceTree = "<group>";
		};
		48AA475E257BD43600E29BD5 /* iOS */ = {
			isa = PBXGroup;
			children = (
				48AA475F257BD43600E29BD5 /* Info.plist */,
			);
			path = iOS;
			sourceTree = "<group>";
		};
		48AA4765257BD43600E29BD5 /* macOS */ = {
			isa = PBXGroup;
			children = (
				48AA4766257BD43600E29BD5 /* Info.plist */,
				48AA4767257BD43600E29BD5 /* macOS.entitlements */,
			);
			path = macOS;
			sourceTree = "<group>";
		};
		48AA4778257BD59800E29BD5 /* Model */ = {
			isa = PBXGroup;
			children = (
				48AA4779257BD5C300E29BD5 /* Student.swift */,
			);
			path = Model;
			sourceTree = "<group>";
		};
		48AA4780257BDE4A00E29BD5 /* View Model */ = {
			isa = PBXGroup;
			children = (
				485AF84F25800179008BF026 /* StudentHome.swift */,
			);
			path = "View Model";
			sourceTree = "<group>";
		};
		48BE9110257D2C9D00D09EC4 /* View */ = {
			isa = PBXGroup;
			children = (
				48AA4755257BD43500E29BD5 /* StudentsApp.swift */,
				48AA4756257BD43500E29BD5 /* ContentView.swift */,
				48BE9111257D2CCC00D09EC4 /* StudentDetail.swift */,
			);
			path = View;
			sourceTree = "<group>";
		};
/* End PBXGroup section */

/* Begin PBXNativeTarget section */
		48AA475B257BD43600E29BD5 /* Students (iOS) */ = {
			isa = PBXNativeTarget;
			buildConfigurationList = 48AA4770257BD43600E29BD5 /* Build configuration list for PBXNativeTarget "Students (iOS)" */;
			buildPhases = (
				48AA4758257BD43600E29BD5 /* Sources */,
				48AA4759257BD43600E29BD5 /* Frameworks */,
				48AA475A257BD43600E29BD5 /* Resources */,
			);
			buildRules = (
			);
			dependencies = (
			);
			name = "Students (iOS)";
			productName = "Students (iOS)";
			productReference = 48AA475C257BD43600E29BD5 /* Students.app */;
			productType = "com.apple.product-type.application";
		};
		48AA4763257BD43600E29BD5 /* Students (macOS) */ = {
			isa = PBXNativeTarget;
			buildConfigurationList = 48AA4773257BD43600E29BD5 /* Build configuration list for PBXNativeTarget "Students (macOS)" */;
			buildPhases = (
				48AA4760257BD43600E29BD5 /* Sources */,
				48AA4761257BD43600E29BD5 /* Frameworks */,
				48AA4762257BD43600E29BD5 /* Resources */,
			);
			buildRules = (
			);
			dependencies = (
			);
			name = "Students (macOS)";
			productName = "Students (macOS)";
			productReference = 48AA4764257BD43600E29BD5 /* Students.app */;
			productType = "com.apple.product-type.application";
		};
/* End PBXNativeTarget section */

/* Begin PBXProject section */
		48AA4750257BD43500E29BD5 /* Project object */ = {
			isa = PBXProject;
			attributes = {
				LastSwiftUpdateCheck = 1220;
				LastUpgradeCheck = 1230;
				TargetAttributes = {
					48AA475B257BD43600E29BD5 = {
						CreatedOnToolsVersion = 12.2;
					};
					48AA4763257BD43600E29BD5 = {
						CreatedOnToolsVersion = 12.2;
					};
				};
			};
			buildConfigurationList = 48AA4753257BD43500E29BD5 /* Build configuration list for PBXProject "Students" */;
			compatibilityVersion = "Xcode 9.3";
			developmentRegion = en;
			hasScannedForEncodings = 0;
			knownRegions = (
				en,
				Base,
			);
			mainGroup = 48AA474F257BD43500E29BD5;
			productRefGroup = 48AA475D257BD43600E29BD5 /* Products */;
			projectDirPath = "";
			projectRoot = "";
			targets = (
				48AA475B257BD43600E29BD5 /* Students (iOS) */,
				48AA4763257BD43600E29BD5 /* Students (macOS) */,
			);
		};
/* End PBXProject section */

/* Begin PBXResourcesBuildPhase section */
		48AA475A257BD43600E29BD5 /* Resources */ = {
			isa = PBXResourcesBuildPhase;
			buildActionMask = 2147483647;
			files = (
				48AA476C257BD43600E29BD5 /* Assets.xcassets in Resources */,
			);
			runOnlyForDeploymentPostprocessing = 0;
		};
		48AA4762257BD43600E29BD5 /* Resources */ = {
			isa = PBXResourcesBuildPhase;
			buildActionMask = 2147483647;
			files = (
				48AA476D257BD43600E29BD5 /* Assets.xcassets in Resources */,
			);
			runOnlyForDeploymentPostprocessing = 0;
		};
/* End PBXResourcesBuildPhase section */

/* Begin PBXSourcesBuildPhase section */
		48AA4758257BD43600E29BD5 /* Sources */ = {
			isa = PBXSourcesBuildPhase;
			buildActionMask = 2147483647;
			files = (
				48AA476A257BD43600E29BD5 /* ContentView.swift in Sources */,
				48AA477A257BD5C300E29BD5 /* Student.swift in Sources */,
				48AA4768257BD43600E29BD5 /* StudentsApp.swift in Sources */,
				48BE9112257D2CCC00D09EC4 /* StudentDetail.swift in Sources */,
				485AF85025800179008BF026 /* StudentHome.swift in Sources */,
			);
			runOnlyForDeploymentPostprocessing = 0;
		};
		48AA4760257BD43600E29BD5 /* Sources */ = {
			isa = PBXSourcesBuildPhase;
			buildActionMask = 2147483647;
			files = (
				48AA476B257BD43600E29BD5 /* ContentView.swift in Sources */,
				48AA477B257BD5C300E29BD5 /* Student.swift in Sources */,
				48AA4769257BD43600E29BD5 /* StudentsApp.swift in Sources */,
				48BE9113257D2CCC00D09EC4 /* StudentDetail.swift in Sources */,
				485AF85125800179008BF026 /* StudentHome.swift in Sources */,
			);
			runOnlyForDeploymentPostprocessing = 0;
		};
/* End PBXSourcesBuildPhase section */

/* Begin XCBuildConfiguration section */
		48AA476E257BD43600E29BD5 /* Debug */ = {
			isa = XCBuildConfiguration;
			buildSettings = {
				ALWAYS_SEARCH_USER_PATHS = NO;
				CLANG_ANALYZER_NONNULL = YES;
				CLANG_ANALYZER_NUMBER_OBJECT_CONVERSION = YES_AGGRESSIVE;
				CLANG_CXX_LANGUAGE_STANDARD = "gnu++14";
				CLANG_CXX_LIBRARY = "libc++";
				CLANG_ENABLE_MODULES = YES;
				CLANG_ENABLE_OBJC_ARC = YES;
				CLANG_ENABLE_OBJC_WEAK = YES;
				CLANG_WARN_BLOCK_CAPTURE_AUTORELEASING = YES;
				CLANG_WARN_BOOL_CONVERSION = YES;
				CLANG_WARN_COMMA = YES;
				CLANG_WARN_CONSTANT_CONVERSION = YES;
				CLANG_WARN_DEPRECATED_OBJC_IMPLEMENTATIONS = YES;
				CLANG_WARN_DIRECT_OBJC_ISA_USAGE = YES_ERROR;
				CLANG_WARN_DOCUMENTATION_COMMENTS = YES;
				CLANG_WARN_EMPTY_BODY = YES;
				CLANG_WARN_ENUM_CONVERSION = YES;
				CLANG_WARN_INFINITE_RECURSION = YES;
				CLANG_WARN_INT_CONVERSION = YES;
				CLANG_WARN_NON_LITERAL_NULL_CONVERSION = YES;
				CLANG_WARN_OBJC_IMPLICIT_RETAIN_SELF = YES;
				CLANG_WARN_OBJC_LITERAL_CONVERSION = YES;
				CLANG_WARN_OBJC_ROOT_CLASS = YES_ERROR;
				CLANG_WARN_QUOTED_INCLUDE_IN_FRAMEWORK_HEADER = YES;
				CLANG_WARN_RANGE_LOOP_ANALYSIS = YES;
				CLANG_WARN_STRICT_PROTOTYPES = YES;
				CLANG_WARN_SUSPICIOUS_MOVE = YES;
				CLANG_WARN_UNGUARDED_AVAILABILITY = YES_AGGRESSIVE;
				CLANG_WARN_UNREACHABLE_CODE = YES;
				CLANG_WARN__DUPLICATE_METHOD_MATCH = YES;
				COPY_PHASE_STRIP = NO;
				DEBUG_INFORMATION_FORMAT = dwarf;
				ENABLE_STRICT_OBJC_MSGSEND = YES;
				ENABLE_TESTABILITY = YES;
				GCC_C_LANGUAGE_STANDARD = gnu11;
				GCC_DYNAMIC_NO_PIC = NO;
				GCC_NO_COMMON_BLOCKS = YES;
				GCC_OPTIMIZATION_LEVEL = 0;
				GCC_PREPROCESSOR_DEFINITIONS = (
					"DEBUG=1",
					"$(inherited)",
				);
				GCC_WARN_64_TO_32_BIT_CONVERSION = YES;
				GCC_WARN_ABOUT_RETURN_TYPE = YES_ERROR;
				GCC_WARN_UNDECLARED_SELECTOR = YES;
				GCC_WARN_UNINITIALIZED_AUTOS = YES_AGGRESSIVE;
				GCC_WARN_UNUSED_FUNCTION = YES;
				GCC_WARN_UNUSED_VARIABLE = YES;
				MTL_ENABLE_DEBUG_INFO = INCLUDE_SOURCE;
				MTL_FAST_MATH = YES;
				ONLY_ACTIVE_ARCH = YES;
				SWIFT_ACTIVE_COMPILATION_CONDITIONS = DEBUG;
				SWIFT_OPTIMIZATION_LEVEL = "-Onone";
			};
			name = Debug;
		};
		48AA476F257BD43600E29BD5 /* Release */ = {
			isa = XCBuildConfiguration;
			buildSettings = {
				ALWAYS_SEARCH_USER_PATHS = NO;
				CLANG_ANALYZER_NONNULL = YES;
				CLANG_ANALYZER_NUMBER_OBJECT_CONVERSION = YES_AGGRESSIVE;
				CLANG_CXX_LANGUAGE_STANDARD = "gnu++14";
				CLANG_CXX_LIBRARY = "libc++";
				CLANG_ENABLE_MODULES = YES;
				CLANG_ENABLE_OBJC_ARC = YES;
				CLANG_ENABLE_OBJC_WEAK = YES;
				CLANG_WARN_BLOCK_CAPTURE_AUTORELEASING = YES;
				CLANG_WARN_BOOL_CONVERSION = YES;
				CLANG_WARN_COMMA = YES;
				CLANG_WARN_CONSTANT_CONVERSION = YES;
				CLANG_WARN_DEPRECATED_OBJC_IMPLEMENTATIONS = YES;
				CLANG_WARN_DIRECT_OBJC_ISA_USAGE = YES_ERROR;
				CLANG_WARN_DOCUMENTATION_COMMENTS = YES;
				CLANG_WARN_EMPTY_BODY = YES;
				CLANG_WARN_ENUM_CONVERSION = YES;
				CLANG_WARN_INFINITE_RECURSION = YES;
				CLANG_WARN_INT_CONVERSION = YES;
				CLANG_WARN_NON_LITERAL_NULL_CONVERSION = YES;
				CLANG_WARN_OBJC_IMPLICIT_RETAIN_SELF = YES;
				CLANG_WARN_OBJC_LITERAL_CONVERSION = YES;
				CLANG_WARN_OBJC_ROOT_CLASS = YES_ERROR;
				CLANG_WARN_QUOTED_INCLUDE_IN_FRAMEWORK_HEADER = YES;
				CLANG_WARN_RANGE_LOOP_ANALYSIS = YES;
				CLANG_WARN_STRICT_PROTOTYPES = YES;
				CLANG_WARN_SUSPICIOUS_MOVE = YES;
				CLANG_WARN_UNGUARDED_AVAILABILITY = YES_AGGRESSIVE;
				CLANG_WARN_UNREACHABLE_CODE = YES;
				CLANG_WARN__DUPLICATE_METHOD_MATCH = YES;
				COPY_PHASE_STRIP = NO;
				DEBUG_INFORMATION_FORMAT = "dwarf-with-dsym";
				ENABLE_NS_ASSERTIONS = NO;
				ENABLE_STRICT_OBJC_MSGSEND = YES;
				GCC_C_LANGUAGE_STANDARD = gnu11;
				GCC_NO_COMMON_BLOCKS = YES;
				GCC_WARN_64_TO_32_BIT_CONVERSION = YES;
				GCC_WARN_ABOUT_RETURN_TYPE = YES_ERROR;
				GCC_WARN_UNDECLARED_SELECTOR = YES;
				GCC_WARN_UNINITIALIZED_AUTOS = YES_AGGRESSIVE;
				GCC_WARN_UNUSED_FUNCTION = YES;
				GCC_WARN_UNUSED_VARIABLE = YES;
				MTL_ENABLE_DEBUG_INFO = NO;
				MTL_FAST_MATH = YES;
				SWIFT_COMPILATION_MODE = wholemodule;
				SWIFT_OPTIMIZATION_LEVEL = "-O";
			};
			name = Release;
		};
		48AA4771257BD43600E29BD5 /* Debug */ = {
			isa = XCBuildConfiguration;
			buildSettings = {
				ASSETCATALOG_COMPILER_APPICON_NAME = AppIcon;
				ASSETCATALOG_COMPILER_GLOBAL_ACCENT_COLOR_NAME = AccentColor;
				CODE_SIGN_STYLE = Automatic;
				DEVELOPMENT_TEAM = ZC99T738S6;
				ENABLE_PREVIEWS = YES;
				INFOPLIST_FILE = iOS/Info.plist;
				IPHONEOS_DEPLOYMENT_TARGET = 14.0;
				LD_RUNPATH_SEARCH_PATHS = (
					"$(inherited)",
					"@executable_path/Frameworks",
				);
				PRODUCT_BUNDLE_IDENTIFIER = com.github.emptist.Students;
				PRODUCT_NAME = Students;
				SDKROOT = iphoneos;
				SWIFT_VERSION = 5.0;
				TARGETED_DEVICE_FAMILY = "1,2";
			};
			name = Debug;
		};
		48AA4772257BD43600E29BD5 /* Release */ = {
			isa = XCBuildConfiguration;
			buildSettings = {
				ASSETCATALOG_COMPILER_APPICON_NAME = AppIcon;
				ASSETCATALOG_COMPILER_GLOBAL_ACCENT_COLOR_NAME = AccentColor;
				CODE_SIGN_STYLE = Automatic;
				DEVELOPMENT_TEAM = ZC99T738S6;
				ENABLE_PREVIEWS = YES;
				INFOPLIST_FILE = iOS/Info.plist;
				IPHONEOS_DEPLOYMENT_TARGET = 14.0;
				LD_RUNPATH_SEARCH_PATHS = (
					"$(inherited)",
					"@executable_path/Frameworks",
				);
				PRODUCT_BUNDLE_IDENTIFIER = com.github.emptist.Students;
				PRODUCT_NAME = Students;
				SDKROOT = iphoneos;
				SWIFT_VERSION = 5.0;
				TARGETED_DEVICE_FAMILY = "1,2";
				VALIDATE_PRODUCT = YES;
			};
			name = Release;
		};
		48AA4774257BD43600E29BD5 /* Debug */ = {
			isa = XCBuildConfiguration;
			buildSettings = {
				ASSETCATALOG_COMPILER_APPICON_NAME = AppIcon;
				ASSETCATALOG_COMPILER_GLOBAL_ACCENT_COLOR_NAME = AccentColor;
				CODE_SIGN_ENTITLEMENTS = macOS/macOS.entitlements;
				CODE_SIGN_IDENTITY = "-";
				CODE_SIGN_STYLE = Automatic;
				COMBINE_HIDPI_IMAGES = YES;
				DEVELOPMENT_TEAM = ZC99T738S6;
				ENABLE_HARDENED_RUNTIME = YES;
				ENABLE_PREVIEWS = YES;
				INFOPLIST_FILE = macOS/Info.plist;
				LD_RUNPATH_SEARCH_PATHS = (
					"$(inherited)",
					"@executable_path/../Frameworks",
				);
				MACOSX_DEPLOYMENT_TARGET = 11.0;
				PRODUCT_BUNDLE_IDENTIFIER = com.github.emptist.Students;
				PRODUCT_NAME = Students;
				SDKROOT = macosx;
				SWIFT_VERSION = 5.0;
			};
			name = Debug;
		};
		48AA4775257BD43600E29BD5 /* Release */ = {
			isa = XCBuildConfiguration;
			buildSettings = {
				ASSETCATALOG_COMPILER_APPICON_NAME = AppIcon;
				ASSETCATALOG_COMPILER_GLOBAL_ACCENT_COLOR_NAME = AccentColor;
				CODE_SIGN_ENTITLEMENTS = macOS/macOS.entitlements;
				CODE_SIGN_IDENTITY = "-";
				CODE_SIGN_STYLE = Automatic;
				COMBINE_HIDPI_IMAGES = YES;
				DEVELOPMENT_TEAM = ZC99T738S6;
				ENABLE_HARDENED_RUNTIME = YES;
				ENABLE_PREVIEWS = YES;
				INFOPLIST_FILE = macOS/Info.plist;
				LD_RUNPATH_SEARCH_PATHS = (
					"$(inherited)",
					"@executable_path/../Frameworks",
				);
				MACOSX_DEPLOYMENT_TARGET = 11.0;
				PRODUCT_BUNDLE_IDENTIFIER = com.github.emptist.Students;
				PRODUCT_NAME = Students;
				SDKROOT = macosx;
				SWIFT_VERSION = 5.0;
			};
			name = Release;
		};
/* End XCBuildConfiguration section */

/* Begin XCConfigurationList section */
		48AA4753257BD43500E29BD5 /* Build configuration list for PBXProject "Students" */ = {
			isa = XCConfigurationList;
			buildConfigurations = (
				48AA476E257BD43600E29BD5 /* Debug */,
				48AA476F257BD43600E29BD5 /* Release */,
			);
			defaultConfigurationIsVisible = 0;
			defaultConfigurationName = Release;
		};
		48AA4770257BD43600E29BD5 /* Build configuration list for PBXNativeTarget "Students (iOS)" */ = {
			isa = XCConfigurationList;
			buildConfigurations = (
				48AA4771257BD43600E29BD5 /* Debug */,
				48AA4772257BD43600E29BD5 /* Release */,
			);
			defaultConfigurationIsVisible = 0;
			defaultConfigurationName = Release;
		};
		48AA4773257BD43600E29BD5 /* Build configuration list for PBXNativeTarget "Students (macOS)" */ = {
			isa = XCConfigurationList;
			buildConfigurations = (
				48AA4774257BD43600E29BD5 /* Debug */,
				48AA4775257BD43600E29BD5 /* Release */,
			);
			defaultConfigurationIsVisible = 0;
			defaultConfigurationName = Release;
		};
/* End XCConfigurationList section */
	};
	rootObject = 48AA4750257BD43500E29BD5 /* Project object */;
}
